// !$*UTF8*$!
{
	archiveVersion = 1;
	classes = {
	};
	objectVersion = 56;
	objects = {

/* Begin PBXBuildFile section */
		CDFF1D312A680E540064BDCE /* AppDelegate.swift in Sources */ = {isa = PBXBuildFile; fileRef = CDFF1D302A680E540064BDCE /* AppDelegate.swift */; };
		CDFF1D332A680E540064BDCE /* SceneDelegate.swift in Sources */ = {isa = PBXBuildFile; fileRef = CDFF1D322A680E540064BDCE /* SceneDelegate.swift */; };
		CDFF1D352A680E540064BDCE /* ViewController.swift in Sources */ = {isa = PBXBuildFile; fileRef = CDFF1D342A680E540064BDCE /* ViewController.swift */; };
		CDFF1D382A680E540064BDCE /* Main.storyboard in Resources */ = {isa = PBXBuildFile; fileRef = CDFF1D362A680E540064BDCE /* Main.storyboard */; };
		CDFF1D3A2A680E550064BDCE /* Assets.xcassets in Resources */ = {isa = PBXBuildFile; fileRef = CDFF1D392A680E550064BDCE /* Assets.xcassets */; };
		CDFF1D3D2A680E550064BDCE /* LaunchScreen.storyboard in Resources */ = {isa = PBXBuildFile; fileRef = CDFF1D3B2A680E550064BDCE /* LaunchScreen.storyboard */; };
		CDFF1D452A682A190064BDCE /* VCLogin.swift in Sources */ = {isa = PBXBuildFile; fileRef = CDFF1D442A682A190064BDCE /* VCLogin.swift */; };
		CDFF1D472A6831B30064BDCE /* MyDataStruct.swift in Sources */ = {isa = PBXBuildFile; fileRef = CDFF1D462A6831B30064BDCE /* MyDataStruct.swift */; };
		CDFF1D492A6835CF0064BDCE /* VCForgotPass.swift in Sources */ = {isa = PBXBuildFile; fileRef = CDFF1D482A6835CF0064BDCE /* VCForgotPass.swift */; };
		CDFF1D4B2A683B020064BDCE /* VCRegistro.swift in Sources */ = {isa = PBXBuildFile; fileRef = CDFF1D4A2A683B020064BDCE /* VCRegistro.swift */; };
		CDFF1D932A6AAC830064BDCE /* ShareBtn.xib in Resources */ = {isa = PBXBuildFile; fileRef = CDFF1D922A6AAC830064BDCE /* ShareBtn.xib */; };
		CDFF1D952A6AAEB50064BDCE /* ShareBtn.swift in Sources */ = {isa = PBXBuildFile; fileRef = CDFF1D942A6AAEB50064BDCE /* ShareBtn.swift */; };
		CDFF1D972A6AB3CD0064BDCE /* Accesos.swift in Sources */ = {isa = PBXBuildFile; fileRef = CDFF1D962A6AB3CD0064BDCE /* Accesos.swift */; };
/* End PBXBuildFile section */

/* Begin PBXFileReference section */
		CDFF1D2D2A680E540064BDCE /* CursoIntCol3.app */ = {isa = PBXFileReference; explicitFileType = wrapper.application; includeInIndex = 0; path = CursoIntCol3.app; sourceTree = BUILT_PRODUCTS_DIR; };
		CDFF1D302A680E540064BDCE /* AppDelegate.swift */ = {isa = PBXFileReference; lastKnownFileType = sourcecode.swift; path = AppDelegate.swift; sourceTree = "<group>"; };
		CDFF1D322A680E540064BDCE /* SceneDelegate.swift */ = {isa = PBXFileReference; lastKnownFileType = sourcecode.swift; path = SceneDelegate.swift; sourceTree = "<group>"; };
		CDFF1D342A680E540064BDCE /* ViewController.swift */ = {isa = PBXFileReference; lastKnownFileType = sourcecode.swift; path = ViewController.swift; sourceTree = "<group>"; };
		CDFF1D372A680E540064BDCE /* Base */ = {isa = PBXFileReference; lastKnownFileType = file.storyboard; name = Base; path = Base.lproj/Main.storyboard; sourceTree = "<group>"; };
		CDFF1D392A680E550064BDCE /* Assets.xcassets */ = {isa = PBXFileReference; lastKnownFileType = folder.assetcatalog; path = Assets.xcassets; sourceTree = "<group>"; };
		CDFF1D3C2A680E550064BDCE /* Base */ = {isa = PBXFileReference; lastKnownFileType = file.storyboard; name = Base; path = Base.lproj/LaunchScreen.storyboard; sourceTree = "<group>"; };
		CDFF1D3E2A680E550064BDCE /* Info.plist */ = {isa = PBXFileReference; lastKnownFileType = text.plist.xml; path = Info.plist; sourceTree = "<group>"; };
		CDFF1D442A682A190064BDCE /* VCLogin.swift */ = {isa = PBXFileReference; lastKnownFileType = sourcecode.swift; path = VCLogin.swift; sourceTree = "<group>"; };
		CDFF1D462A6831B30064BDCE /* MyDataStruct.swift */ = {isa = PBXFileReference; lastKnownFileType = sourcecode.swift; path = MyDataStruct.swift; sourceTree = "<group>"; };
		CDFF1D482A6835CF0064BDCE /* VCForgotPass.swift */ = {isa = PBXFileReference; lastKnownFileType = sourcecode.swift; path = VCForgotPass.swift; sourceTree = "<group>"; };
		CDFF1D4A2A683B020064BDCE /* VCRegistro.swift */ = {isa = PBXFileReference; lastKnownFileType = sourcecode.swift; path = VCRegistro.swift; sourceTree = "<group>"; };
		CDFF1D922A6AAC830064BDCE /* ShareBtn.xib */ = {isa = PBXFileReference; lastKnownFileType = file.xib; path = ShareBtn.xib; sourceTree = "<group>"; };
		CDFF1D942A6AAEB50064BDCE /* ShareBtn.swift */ = {isa = PBXFileReference; lastKnownFileType = sourcecode.swift; path = ShareBtn.swift; sourceTree = "<group>"; };
		CDFF1D962A6AB3CD0064BDCE /* Accesos.swift */ = {isa = PBXFileReference; lastKnownFileType = sourcecode.swift; path = Accesos.swift; sourceTree = "<group>"; };
/* End PBXFileReference section */

/* Begin PBXFrameworksBuildPhase section */
		CDFF1D2A2A680E540064BDCE /* Frameworks */ = {
			isa = PBXFrameworksBuildPhase;
			buildActionMask = 2147483647;
			files = (
			);
			runOnlyForDeploymentPostprocessing = 0;
		};
/* End PBXFrameworksBuildPhase section */

/* Begin PBXGroup section */
		CDFF1D242A680E540064BDCE = {
			isa = PBXGroup;
			children = (
				CDFF1D2F2A680E540064BDCE /* CursoIntCol3 */,
				CDFF1D2E2A680E540064BDCE /* Products */,
			);
			sourceTree = "<group>";
		};
		CDFF1D2E2A680E540064BDCE /* Products */ = {
			isa = PBXGroup;
			children = (
				CDFF1D2D2A680E540064BDCE /* CursoIntCol3.app */,
			);
			name = Products;
			sourceTree = "<group>";
		};
		CDFF1D2F2A680E540064BDCE /* CursoIntCol3 */ = {
			isa = PBXGroup;
			children = (
				CDFF1D302A680E540064BDCE /* AppDelegate.swift */,
				CDFF1D322A680E540064BDCE /* SceneDelegate.swift */,
				CDFF1D342A680E540064BDCE /* ViewController.swift */,
				CDFF1D962A6AB3CD0064BDCE /* Accesos.swift */,
				CDFF1D462A6831B30064BDCE /* MyDataStruct.swift */,
				CDFF1D442A682A190064BDCE /* VCLogin.swift */,
				CDFF1D362A680E540064BDCE /* Main.storyboard */,
				CDFF1D922A6AAC830064BDCE /* ShareBtn.xib */,
				CDFF1D942A6AAEB50064BDCE /* ShareBtn.swift */,
				CDFF1D4A2A683B020064BDCE /* VCRegistro.swift */,
				CDFF1D482A6835CF0064BDCE /* VCForgotPass.swift */,
				CDFF1D392A680E550064BDCE /* Assets.xcassets */,
				CDFF1D3B2A680E550064BDCE /* LaunchScreen.storyboard */,
				CDFF1D3E2A680E550064BDCE /* Info.plist */,
			);
			path = CursoIntCol3;
			sourceTree = "<group>";
		};
/* End PBXGroup section */

/* Begin PBXNativeTarget section */
		CDFF1D2C2A680E540064BDCE /* CursoIntCol3 */ = {
			isa = PBXNativeTarget;
			buildConfigurationList = CDFF1D412A680E550064BDCE /* Build configuration list for PBXNativeTarget "CursoIntCol3" */;
			buildPhases = (
				CDFF1D292A680E540064BDCE /* Sources */,
				CDFF1D2A2A680E540064BDCE /* Frameworks */,
				CDFF1D2B2A680E540064BDCE /* Resources */,
			);
			buildRules = (
			);
			dependencies = (
			);
			name = CursoIntCol3;
			productName = CursoIntCol3;
			productReference = CDFF1D2D2A680E540064BDCE /* CursoIntCol3.app */;
			productType = "com.apple.product-type.application";
		};
/* End PBXNativeTarget section */

/* Begin PBXProject section */
		CDFF1D252A680E540064BDCE /* Project object */ = {
			isa = PBXProject;
			attributes = {
				BuildIndependentTargetsInParallel = 1;
				LastSwiftUpdateCheck = 1430;
				LastUpgradeCheck = 1430;
				TargetAttributes = {
					CDFF1D2C2A680E540064BDCE = {
						CreatedOnToolsVersion = 14.3.1;
					};
				};
			};
			buildConfigurationList = CDFF1D282A680E540064BDCE /* Build configuration list for PBXProject "CursoIntCol3" */;
			compatibilityVersion = "Xcode 14.0";
			developmentRegion = en;
			hasScannedForEncodings = 0;
			knownRegions = (
				en,
				Base,
			);
			mainGroup = CDFF1D242A680E540064BDCE;
			productRefGroup = CDFF1D2E2A680E540064BDCE /* Products */;
			projectDirPath = "";
			projectRoot = "";
			targets = (
				CDFF1D2C2A680E540064BDCE /* CursoIntCol3 */,
			);
		};
/* End PBXProject section */

/* Begin PBXResourcesBuildPhase section */
		CDFF1D2B2A680E540064BDCE /* Resources */ = {
			isa = PBXResourcesBuildPhase;
			buildActionMask = 2147483647;
			files = (
				CDFF1D932A6AAC830064BDCE /* ShareBtn.xib in Resources */,
				CDFF1D3D2A680E550064BDCE /* LaunchScreen.storyboard in Resources */,
				CDFF1D3A2A680E550064BDCE /* Assets.xcassets in Resources */,
				CDFF1D382A680E540064BDCE /* Main.storyboard in Resources */,
			);
			runOnlyForDeploymentPostprocessing = 0;
		};
/* End PBXResourcesBuildPhase section */

/* Begin PBXSourcesBuildPhase section */
		CDFF1D292A680E540064BDCE /* Sources */ = {
			isa = PBXSourcesBuildPhase;
			buildActionMask = 2147483647;
			files = (
				CDFF1D952A6AAEB50064BDCE /* ShareBtn.swift in Sources */,
				CDFF1D492A6835CF0064BDCE /* VCForgotPass.swift in Sources */,
				CDFF1D352A680E540064BDCE /* ViewController.swift in Sources */,
				CDFF1D312A680E540064BDCE /* AppDelegate.swift in Sources */,
				CDFF1D472A6831B30064BDCE /* MyDataStruct.swift in Sources */,
				CDFF1D4B2A683B020064BDCE /* VCRegistro.swift in Sources */,
				CDFF1D452A682A190064BDCE /* VCLogin.swift in Sources */,
				CDFF1D972A6AB3CD0064BDCE /* Accesos.swift in Sources */,
				CDFF1D332A680E540064BDCE /* SceneDelegate.swift in Sources */,
			);
			runOnlyForDeploymentPostprocessing = 0;
		};
/* End PBXSourcesBuildPhase section */

/* Begin PBXVariantGroup section */
		CDFF1D362A680E540064BDCE /* Main.storyboard */ = {
			isa = PBXVariantGroup;
			children = (
				CDFF1D372A680E540064BDCE /* Base */,
			);
			name = Main.storyboard;
			sourceTree = "<group>";
		};
		CDFF1D3B2A680E550064BDCE /* LaunchScreen.storyboard */ = {
			isa = PBXVariantGroup;
			children = (
				CDFF1D3C2A680E550064BDCE /* Base */,
			);
			name = LaunchScreen.storyboard;
			sourceTree = "<group>";
		};
/* End PBXVariantGroup section */

/* Begin XCBuildConfiguration section */
		CDFF1D3F2A680E550064BDCE /* Debug */ = {
			isa = XCBuildConfiguration;
			buildSettings = {
				ALWAYS_SEARCH_USER_PATHS = NO;
				CLANG_ANALYZER_NONNULL = YES;
				CLANG_ANALYZER_NUMBER_OBJECT_CONVERSION = YES_AGGRESSIVE;
				CLANG_CXX_LANGUAGE_STANDARD = "gnu++20";
				CLANG_ENABLE_MODULES = YES;
				CLANG_ENABLE_OBJC_ARC = YES;
				CLANG_ENABLE_OBJC_WEAK = YES;
				CLANG_WARN_BLOCK_CAPTURE_AUTORELEASING = YES;
				CLANG_WARN_BOOL_CONVERSION = YES;
				CLANG_WARN_COMMA = YES;
				CLANG_WARN_CONSTANT_CONVERSION = YES;
				CLANG_WARN_DEPRECATED_OBJC_IMPLEMENTATIONS = YES;
				CLANG_WARN_DIRECT_OBJC_ISA_USAGE = YES_ERROR;
				CLANG_WARN_DOCUMENTATION_COMMENTS = YES;
				CLANG_WARN_EMPTY_BODY = YES;
				CLANG_WARN_ENUM_CONVERSION = YES;
				CLANG_WARN_INFINITE_RECURSION = YES;
				CLANG_WARN_INT_CONVERSION = YES;
				CLANG_WARN_NON_LITERAL_NULL_CONVERSION = YES;
				CLANG_WARN_OBJC_IMPLICIT_RETAIN_SELF = YES;
				CLANG_WARN_OBJC_LITERAL_CONVERSION = YES;
				CLANG_WARN_OBJC_ROOT_CLASS = YES_ERROR;
				CLANG_WARN_QUOTED_INCLUDE_IN_FRAMEWORK_HEADER = YES;
				CLANG_WARN_RANGE_LOOP_ANALYSIS = YES;
				CLANG_WARN_STRICT_PROTOTYPES = YES;
				CLANG_WARN_SUSPICIOUS_MOVE = YES;
				CLANG_WARN_UNGUARDED_AVAILABILITY = YES_AGGRESSIVE;
				CLANG_WARN_UNREACHABLE_CODE = YES;
				CLANG_WARN__DUPLICATE_METHOD_MATCH = YES;
				COPY_PHASE_STRIP = NO;
				DEBUG_INFORMATION_FORMAT = dwarf;
				ENABLE_STRICT_OBJC_MSGSEND = YES;
				ENABLE_TESTABILITY = YES;
				GCC_C_LANGUAGE_STANDARD = gnu11;
				GCC_DYNAMIC_NO_PIC = NO;
				GCC_NO_COMMON_BLOCKS = YES;
				GCC_OPTIMIZATION_LEVEL = 0;
				GCC_PREPROCESSOR_DEFINITIONS = (
					"DEBUG=1",
					"$(inherited)",
				);
				GCC_WARN_64_TO_32_BIT_CONVERSION = YES;
				GCC_WARN_ABOUT_RETURN_TYPE = YES_ERROR;
				GCC_WARN_UNDECLARED_SELECTOR = YES;
				GCC_WARN_UNINITIALIZED_AUTOS = YES_AGGRESSIVE;
				GCC_WARN_UNUSED_FUNCTION = YES;
				GCC_WARN_UNUSED_VARIABLE = YES;
				IPHONEOS_DEPLOYMENT_TARGET = 16.4;
				MTL_ENABLE_DEBUG_INFO = INCLUDE_SOURCE;
				MTL_FAST_MATH = YES;
				ONLY_ACTIVE_ARCH = YES;
				SDKROOT = iphoneos;
				SWIFT_ACTIVE_COMPILATION_CONDITIONS = DEBUG;
				SWIFT_OPTIMIZATION_LEVEL = "-Onone";
			};
			name = Debug;
		};
		CDFF1D402A680E550064BDCE /* Release */ = {
			isa = XCBuildConfiguration;
			buildSettings = {
				ALWAYS_SEARCH_USER_PATHS = NO;
				CLANG_ANALYZER_NONNULL = YES;
				CLANG_ANALYZER_NUMBER_OBJECT_CONVERSION = YES_AGGRESSIVE;
				CLANG_CXX_LANGUAGE_STANDARD = "gnu++20";
				CLANG_ENABLE_MODULES = YES;
				CLANG_ENABLE_OBJC_ARC = YES;
				CLANG_ENABLE_OBJC_WEAK = YES;
				CLANG_WARN_BLOCK_CAPTURE_AUTORELEASING = YES;
				CLANG_WARN_BOOL_CONVERSION = YES;
				CLANG_WARN_COMMA = YES;
				CLANG_WARN_CONSTANT_CONVERSION = YES;
				CLANG_WARN_DEPRECATED_OBJC_IMPLEMENTATIONS = YES;
				CLANG_WARN_DIRECT_OBJC_ISA_USAGE = YES_ERROR;
				CLANG_WARN_DOCUMENTATION_COMMENTS = YES;
				CLANG_WARN_EMPTY_BODY = YES;
				CLANG_WARN_ENUM_CONVERSION = YES;
				CLANG_WARN_INFINITE_RECURSION = YES;
				CLANG_WARN_INT_CONVERSION = YES;
				CLANG_WARN_NON_LITERAL_NULL_CONVERSION = YES;
				CLANG_WARN_OBJC_IMPLICIT_RETAIN_SELF = YES;
				CLANG_WARN_OBJC_LITERAL_CONVERSION = YES;
				CLANG_WARN_OBJC_ROOT_CLASS = YES_ERROR;
				CLANG_WARN_QUOTED_INCLUDE_IN_FRAMEWORK_HEADER = YES;
				CLANG_WARN_RANGE_LOOP_ANALYSIS = YES;
				CLANG_WARN_STRICT_PROTOTYPES = YES;
				CLANG_WARN_SUSPICIOUS_MOVE = YES;
				CLANG_WARN_UNGUARDED_AVAILABILITY = YES_AGGRESSIVE;
				CLANG_WARN_UNREACHABLE_CODE = YES;
				CLANG_WARN__DUPLICATE_METHOD_MATCH = YES;
				COPY_PHASE_STRIP = NO;
				DEBUG_INFORMATION_FORMAT = "dwarf-with-dsym";
				ENABLE_NS_ASSERTIONS = NO;
				ENABLE_STRICT_OBJC_MSGSEND = YES;
				GCC_C_LANGUAGE_STANDARD = gnu11;
				GCC_NO_COMMON_BLOCKS = YES;
				GCC_WARN_64_TO_32_BIT_CONVERSION = YES;
				GCC_WARN_ABOUT_RETURN_TYPE = YES_ERROR;
				GCC_WARN_UNDECLARED_SELECTOR = YES;
				GCC_WARN_UNINITIALIZED_AUTOS = YES_AGGRESSIVE;
				GCC_WARN_UNUSED_FUNCTION = YES;
				GCC_WARN_UNUSED_VARIABLE = YES;
				IPHONEOS_DEPLOYMENT_TARGET = 16.4;
				MTL_ENABLE_DEBUG_INFO = NO;
				MTL_FAST_MATH = YES;
				SDKROOT = iphoneos;
				SWIFT_COMPILATION_MODE = wholemodule;
				SWIFT_OPTIMIZATION_LEVEL = "-O";
				VALIDATE_PRODUCT = YES;
			};
			name = Release;
		};
		CDFF1D422A680E550064BDCE /* Debug */ = {
			isa = XCBuildConfiguration;
			buildSettings = {
				ASSETCATALOG_COMPILER_APPICON_NAME = AppIcon;
				ASSETCATALOG_COMPILER_GLOBAL_ACCENT_COLOR_NAME = AccentColor;
				CODE_SIGN_STYLE = Automatic;
				CURRENT_PROJECT_VERSION = 1;
				DEVELOPMENT_TEAM = FNTB26538C;
				GENERATE_INFOPLIST_FILE = YES;
				INFOPLIST_FILE = CursoIntCol3/Info.plist;
				INFOPLIST_KEY_UIApplicationSupportsIndirectInputEvents = YES;
				INFOPLIST_KEY_UILaunchStoryboardName = LaunchScreen;
				INFOPLIST_KEY_UIMainStoryboardFile = Main;
				INFOPLIST_KEY_UISupportedInterfaceOrientations_iPad = "UIInterfaceOrientationPortrait UIInterfaceOrientationPortraitUpsideDown UIInterfaceOrientationLandscapeLeft UIInterfaceOrientationLandscapeRight";
				INFOPLIST_KEY_UISupportedInterfaceOrientations_iPhone = "UIInterfaceOrientationPortrait UIInterfaceOrientationLandscapeLeft UIInterfaceOrientationLandscapeRight";
				LD_RUNPATH_SEARCH_PATHS = (
					"$(inherited)",
					"@executable_path/Frameworks",
				);
				MARKETING_VERSION = 1.0;
				PRODUCT_BUNDLE_IDENTIFIER = com.jslopez.CursoIntCol3;
				PRODUCT_NAME = "$(TARGET_NAME)";
				SWIFT_EMIT_LOC_STRINGS = YES;
				SWIFT_VERSION = 5.0;
				TARGETED_DEVICE_FAMILY = "1,2";
			};
			name = Debug;
		};
		CDFF1D432A680E550064BDCE /* Release */ = {
			isa = XCBuildConfiguration;
			buildSettings = {
				ASSETCATALOG_COMPILER_APPICON_NAME = AppIcon;
				ASSETCATALOG_COMPILER_GLOBAL_ACCENT_COLOR_NAME = AccentColor;
				CODE_SIGN_STYLE = Automatic;
				CURRENT_PROJECT_VERSION = 1;
				DEVELOPMENT_TEAM = FNTB26538C;
				GENERATE_INFOPLIST_FILE = YES;
				INFOPLIST_FILE = CursoIntCol3/Info.plist;
				INFOPLIST_KEY_UIApplicationSupportsIndirectInputEvents = YES;
				INFOPLIST_KEY_UILaunchStoryboardName = LaunchScreen;
				INFOPLIST_KEY_UIMainStoryboardFile = Main;
				INFOPLIST_KEY_UISupportedInterfaceOrientations_iPad = "UIInterfaceOrientationPortrait UIInterfaceOrientationPortraitUpsideDown UIInterfaceOrientationLandscapeLeft UIInterfaceOrientationLandscapeRight";
				INFOPLIST_KEY_UISupportedInterfaceOrientations_iPhone = "UIInterfaceOrientationPortrait UIInterfaceOrientationLandscapeLeft UIInterfaceOrientationLandscapeRight";
				LD_RUNPATH_SEARCH_PATHS = (
					"$(inherited)",
					"@executable_path/Frameworks",
				);
				MARKETING_VERSION = 1.0;
				PRODUCT_BUNDLE_IDENTIFIER = com.jslopez.CursoIntCol3;
				PRODUCT_NAME = "$(TARGET_NAME)";
				SWIFT_EMIT_LOC_STRINGS = YES;
				SWIFT_VERSION = 5.0;
				TARGETED_DEVICE_FAMILY = "1,2";
			};
			name = Release;
		};
/* End XCBuildConfiguration section */

/* Begin XCConfigurationList section */
		CDFF1D282A680E540064BDCE /* Build configuration list for PBXProject "CursoIntCol3" */ = {
			isa = XCConfigurationList;
			buildConfigurations = (
				CDFF1D3F2A680E550064BDCE /* Debug */,
				CDFF1D402A680E550064BDCE /* Release */,
			);
			defaultConfigurationIsVisible = 0;
			defaultConfigurationName = Release;
		};
		CDFF1D412A680E550064BDCE /* Build configuration list for PBXNativeTarget "CursoIntCol3" */ = {
			isa = XCConfigurationList;
			buildConfigurations = (
				CDFF1D422A680E550064BDCE /* Debug */,
				CDFF1D432A680E550064BDCE /* Release */,
			);
			defaultConfigurationIsVisible = 0;
			defaultConfigurationName = Release;
		};
/* End XCConfigurationList section */
	};
	rootObject = CDFF1D252A680E540064BDCE /* Project object */;
}
