// !$*UTF8*$!
{
	archiveVersion = 1;
	classes = {
	};
	objectVersion = 56;
	objects = {

/* Begin PBXBuildFile section */
		CDFF1D312A680E540064BDCE /* AppDelegate.swift in Sources */ = {isa = PBXBuildFile; fileRef = CDFF1D302A680E540064BDCE /* AppDelegate.swift */; };
		CDFF1D332A680E540064BDCE /* SceneDelegate.swift in Sources */ = {isa = PBXBuildFile; fileRef = CDFF1D322A680E540064BDCE /* SceneDelegate.swift */; };
		CDFF1D352A680E540064BDCE /* ViewController.swift in Sources */ = {isa = PBXBuildFile; fileRef = CDFF1D342A680E540064BDCE /* ViewController.swift */; };
		CDFF1D382A680E540064BDCE /* Main.storyboard in Resources */ = {isa = PBXBuildFile; fileRef = CDFF1D362A680E540064BDCE /* Main.storyboard */; };
		CDFF1D3A2A680E550064BDCE /* Assets.xcassets in Resources */ = {isa = PBXBuildFile; fileRef = CDFF1D392A680E550064BDCE /* Assets.xcassets */; };
		CDFF1D3D2A680E550064BDCE /* LaunchScreen.storyboard in Resources */ = {isa = PBXBuildFile; fileRef = CDFF1D3B2A680E550064BDCE /* LaunchScreen.storyboard */; };
		CDFF1D452A682A190064BDCE /* VCLogin.swift in Sources */ = {isa = PBXBuildFile; fileRef = CDFF1D442A682A190064BDCE /* VCLogin.swift */; };
		CDFF1D472A6831B30064BDCE /* MyDataStruct.swift in Sources */ = {isa = PBXBuildFile; fileRef = CDFF1D462A6831B30064BDCE /* MyDataStruct.swift */; };
		CDFF1D492A6835CF0064BDCE /* VCForgotPass.swift in Sources */ = {isa = PBXBuildFile; fileRef = CDFF1D482A6835CF0064BDCE /* VCForgotPass.swift */; };
		CDFF1D4B2A683B020064BDCE /* VCRegistro.swift in Sources */ = {isa = PBXBuildFile; fileRef = CDFF1D4A2A683B020064BDCE /* VCRegistro.swift */; };
		CDFF1D932A6AAC830064BDCE /* ShareBtn.xib in Resources */ = {isa = PBXBuildFile; fileRef = CDFF1D922A6AAC830064BDCE /* ShareBtn.xib */; };
		CDFF1D952A6AAEB50064BDCE /* ShareBtn.swift in Sources */ = {isa = PBXBuildFile; fileRef = CDFF1D942A6AAEB50064BDCE /* ShareBtn.swift */; };
		CDFF1D972A6AB3CD0064BDCE /* Accesos.swift in Sources */ = {isa = PBXBuildFile; fileRef = CDFF1D962A6AB3CD0064BDCE /* Accesos.swift */; };
		CDFF1DA32A6ACD030064BDCE /* AppDelegate.swift in Sources */ = {isa = PBXBuildFile; fileRef = CDFF1DA22A6ACD030064BDCE /* AppDelegate.swift */; };
		CDFF1DA52A6ACD030064BDCE /* SceneDelegate.swift in Sources */ = {isa = PBXBuildFile; fileRef = CDFF1DA42A6ACD030064BDCE /* SceneDelegate.swift */; };
		CDFF1DA72A6ACD030064BDCE /* ViewController.swift in Sources */ = {isa = PBXBuildFile; fileRef = CDFF1DA62A6ACD030064BDCE /* ViewController.swift */; };
		CDFF1DAA2A6ACD030064BDCE /* Main.storyboard in Resources */ = {isa = PBXBuildFile; fileRef = CDFF1DA82A6ACD030064BDCE /* Main.storyboard */; };
		CDFF1DAC2A6ACD060064BDCE /* Assets.xcassets in Resources */ = {isa = PBXBuildFile; fileRef = CDFF1DAB2A6ACD060064BDCE /* Assets.xcassets */; };
		CDFF1DAF2A6ACD060064BDCE /* LaunchScreen.storyboard in Resources */ = {isa = PBXBuildFile; fileRef = CDFF1DAD2A6ACD060064BDCE /* LaunchScreen.storyboard */; };
		CDFF1DB52A6AD6510064BDCE /* example.txt in Resources */ = {isa = PBXBuildFile; fileRef = CDFF1DB42A6AD6510064BDCE /* example.txt */; };
		CDFF1DF42A6EC72F0064BDCE /* TipCalculatorApp.swift in Sources */ = {isa = PBXBuildFile; fileRef = CDFF1DF32A6EC72F0064BDCE /* TipCalculatorApp.swift */; };
		CDFF1DF62A6EC72F0064BDCE /* ContentView.swift in Sources */ = {isa = PBXBuildFile; fileRef = CDFF1DF52A6EC72F0064BDCE /* ContentView.swift */; };
		CDFF1DF82A6EC7310064BDCE /* Assets.xcassets in Resources */ = {isa = PBXBuildFile; fileRef = CDFF1DF72A6EC7310064BDCE /* Assets.xcassets */; };
		CDFF1DFB2A6EC7310064BDCE /* Preview Assets.xcassets in Resources */ = {isa = PBXBuildFile; fileRef = CDFF1DFA2A6EC7310064BDCE /* Preview Assets.xcassets */; };
		CDFF1E002A6ECAE10064BDCE /* TipCalculatorModel.swift in Sources */ = {isa = PBXBuildFile; fileRef = CDFF1DFF2A6ECAE10064BDCE /* TipCalculatorModel.swift */; };
/* End PBXBuildFile section */

/* Begin PBXFileReference section */
		CDFF1D2D2A680E540064BDCE /* CursoIntCol3.app */ = {isa = PBXFileReference; explicitFileType = wrapper.application; includeInIndex = 0; path = CursoIntCol3.app; sourceTree = BUILT_PRODUCTS_DIR; };
		CDFF1D302A680E540064BDCE /* AppDelegate.swift */ = {isa = PBXFileReference; lastKnownFileType = sourcecode.swift; path = AppDelegate.swift; sourceTree = "<group>"; };
		CDFF1D322A680E540064BDCE /* SceneDelegate.swift */ = {isa = PBXFileReference; lastKnownFileType = sourcecode.swift; path = SceneDelegate.swift; sourceTree = "<group>"; };
		CDFF1D342A680E540064BDCE /* ViewController.swift */ = {isa = PBXFileReference; lastKnownFileType = sourcecode.swift; path = ViewController.swift; sourceTree = "<group>"; };
		CDFF1D372A680E540064BDCE /* Base */ = {isa = PBXFileReference; lastKnownFileType = file.storyboard; name = Base; path = Base.lproj/Main.storyboard; sourceTree = "<group>"; };
		CDFF1D392A680E550064BDCE /* Assets.xcassets */ = {isa = PBXFileReference; lastKnownFileType = folder.assetcatalog; path = Assets.xcassets; sourceTree = "<group>"; };
		CDFF1D3C2A680E550064BDCE /* Base */ = {isa = PBXFileReference; lastKnownFileType = file.storyboard; name = Base; path = Base.lproj/LaunchScreen.storyboard; sourceTree = "<group>"; };
		CDFF1D3E2A680E550064BDCE /* Info.plist */ = {isa = PBXFileReference; lastKnownFileType = text.plist.xml; path = Info.plist; sourceTree = "<group>"; };
		CDFF1D442A682A190064BDCE /* VCLogin.swift */ = {isa = PBXFileReference; lastKnownFileType = sourcecode.swift; path = VCLogin.swift; sourceTree = "<group>"; };
		CDFF1D462A6831B30064BDCE /* MyDataStruct.swift */ = {isa = PBXFileReference; lastKnownFileType = sourcecode.swift; path = MyDataStruct.swift; sourceTree = "<group>"; };
		CDFF1D482A6835CF0064BDCE /* VCForgotPass.swift */ = {isa = PBXFileReference; lastKnownFileType = sourcecode.swift; path = VCForgotPass.swift; sourceTree = "<group>"; };
		CDFF1D4A2A683B020064BDCE /* VCRegistro.swift */ = {isa = PBXFileReference; lastKnownFileType = sourcecode.swift; path = VCRegistro.swift; sourceTree = "<group>"; };
		CDFF1D922A6AAC830064BDCE /* ShareBtn.xib */ = {isa = PBXFileReference; lastKnownFileType = file.xib; path = ShareBtn.xib; sourceTree = "<group>"; };
		CDFF1D942A6AAEB50064BDCE /* ShareBtn.swift */ = {isa = PBXFileReference; lastKnownFileType = sourcecode.swift; path = ShareBtn.swift; sourceTree = "<group>"; };
		CDFF1D962A6AB3CD0064BDCE /* Accesos.swift */ = {isa = PBXFileReference; lastKnownFileType = sourcecode.swift; path = Accesos.swift; sourceTree = "<group>"; };
		CDFF1DA02A6ACD030064BDCE /* CompartirContenido.app */ = {isa = PBXFileReference; explicitFileType = wrapper.application; includeInIndex = 0; path = CompartirContenido.app; sourceTree = BUILT_PRODUCTS_DIR; };
		CDFF1DA22A6ACD030064BDCE /* AppDelegate.swift */ = {isa = PBXFileReference; lastKnownFileType = sourcecode.swift; path = AppDelegate.swift; sourceTree = "<group>"; };
		CDFF1DA42A6ACD030064BDCE /* SceneDelegate.swift */ = {isa = PBXFileReference; lastKnownFileType = sourcecode.swift; path = SceneDelegate.swift; sourceTree = "<group>"; };
		CDFF1DA62A6ACD030064BDCE /* ViewController.swift */ = {isa = PBXFileReference; lastKnownFileType = sourcecode.swift; path = ViewController.swift; sourceTree = "<group>"; };
		CDFF1DA92A6ACD030064BDCE /* Base */ = {isa = PBXFileReference; lastKnownFileType = file.storyboard; name = Base; path = Base.lproj/Main.storyboard; sourceTree = "<group>"; };
		CDFF1DAB2A6ACD060064BDCE /* Assets.xcassets */ = {isa = PBXFileReference; lastKnownFileType = folder.assetcatalog; path = Assets.xcassets; sourceTree = "<group>"; };
		CDFF1DAE2A6ACD060064BDCE /* Base */ = {isa = PBXFileReference; lastKnownFileType = file.storyboard; name = Base; path = Base.lproj/LaunchScreen.storyboard; sourceTree = "<group>"; };
		CDFF1DB02A6ACD060064BDCE /* Info.plist */ = {isa = PBXFileReference; lastKnownFileType = text.plist.xml; path = Info.plist; sourceTree = "<group>"; };
		CDFF1DB42A6AD6510064BDCE /* example.txt */ = {isa = PBXFileReference; lastKnownFileType = text; path = example.txt; sourceTree = "<group>"; };
		CDFF1DB62A6EA4B30064BDCE /* PropiedadComputada.playground */ = {isa = PBXFileReference; lastKnownFileType = file.playground; path = PropiedadComputada.playground; sourceTree = "<group>"; xcLanguageSpecificationIdentifier = xcode.lang.swift; };
		CDFF1DF12A6EC72F0064BDCE /* TipCalculator.app */ = {isa = PBXFileReference; explicitFileType = wrapper.application; includeInIndex = 0; path = TipCalculator.app; sourceTree = BUILT_PRODUCTS_DIR; };
		CDFF1DF32A6EC72F0064BDCE /* TipCalculatorApp.swift */ = {isa = PBXFileReference; lastKnownFileType = sourcecode.swift; path = TipCalculatorApp.swift; sourceTree = "<group>"; };
		CDFF1DF52A6EC72F0064BDCE /* ContentView.swift */ = {isa = PBXFileReference; lastKnownFileType = sourcecode.swift; path = ContentView.swift; sourceTree = "<group>"; };
		CDFF1DF72A6EC7310064BDCE /* Assets.xcassets */ = {isa = PBXFileReference; lastKnownFileType = folder.assetcatalog; path = Assets.xcassets; sourceTree = "<group>"; };
		CDFF1DFA2A6EC7310064BDCE /* Preview Assets.xcassets */ = {isa = PBXFileReference; lastKnownFileType = folder.assetcatalog; path = "Preview Assets.xcassets"; sourceTree = "<group>"; };
		CDFF1DFF2A6ECAE10064BDCE /* TipCalculatorModel.swift */ = {isa = PBXFileReference; lastKnownFileType = sourcecode.swift; path = TipCalculatorModel.swift; sourceTree = "<group>"; };
/* End PBXFileReference section */

/* Begin PBXFrameworksBuildPhase section */
		CDFF1D2A2A680E540064BDCE /* Frameworks */ = {
			isa = PBXFrameworksBuildPhase;
			buildActionMask = 2147483647;
			files = (
			);
			runOnlyForDeploymentPostprocessing = 0;
		};
		CDFF1D9D2A6ACD030064BDCE /* Frameworks */ = {
			isa = PBXFrameworksBuildPhase;
			buildActionMask = 2147483647;
			files = (
			);
			runOnlyForDeploymentPostprocessing = 0;
		};
		CDFF1DEE2A6EC72F0064BDCE /* Frameworks */ = {
			isa = PBXFrameworksBuildPhase;
			buildActionMask = 2147483647;
			files = (
			);
			runOnlyForDeploymentPostprocessing = 0;
		};
/* End PBXFrameworksBuildPhase section */

/* Begin PBXGroup section */
		CDFF1D242A680E540064BDCE = {
			isa = PBXGroup;
			children = (
				CDFF1D2F2A680E540064BDCE /* CursoIntCol3 */,
				CDFF1DA12A6ACD030064BDCE /* CompartirContenido */,
				CDFF1DF22A6EC72F0064BDCE /* TipCalculator */,
				CDFF1D2E2A680E540064BDCE /* Products */,
			);
			sourceTree = "<group>";
		};
		CDFF1D2E2A680E540064BDCE /* Products */ = {
			isa = PBXGroup;
			children = (
				CDFF1D2D2A680E540064BDCE /* CursoIntCol3.app */,
				CDFF1DA02A6ACD030064BDCE /* CompartirContenido.app */,
				CDFF1DF12A6EC72F0064BDCE /* TipCalculator.app */,
			);
			name = Products;
			sourceTree = "<group>";
		};
		CDFF1D2F2A680E540064BDCE /* CursoIntCol3 */ = {
			isa = PBXGroup;
			children = (
				CDFF1D302A680E540064BDCE /* AppDelegate.swift */,
				CDFF1D322A680E540064BDCE /* SceneDelegate.swift */,
				CDFF1D342A680E540064BDCE /* ViewController.swift */,
				CDFF1D962A6AB3CD0064BDCE /* Accesos.swift */,
				CDFF1D462A6831B30064BDCE /* MyDataStruct.swift */,
				CDFF1D442A682A190064BDCE /* VCLogin.swift */,
				CDFF1D362A680E540064BDCE /* Main.storyboard */,
				CDFF1D922A6AAC830064BDCE /* ShareBtn.xib */,
				CDFF1D942A6AAEB50064BDCE /* ShareBtn.swift */,
				CDFF1D4A2A683B020064BDCE /* VCRegistro.swift */,
				CDFF1D482A6835CF0064BDCE /* VCForgotPass.swift */,
				CDFF1D392A680E550064BDCE /* Assets.xcassets */,
				CDFF1D3B2A680E550064BDCE /* LaunchScreen.storyboard */,
				CDFF1D3E2A680E550064BDCE /* Info.plist */,
			);
			path = CursoIntCol3;
			sourceTree = "<group>";
		};
		CDFF1DA12A6ACD030064BDCE /* CompartirContenido */ = {
			isa = PBXGroup;
			children = (
				CDFF1DA22A6ACD030064BDCE /* AppDelegate.swift */,
				CDFF1DA42A6ACD030064BDCE /* SceneDelegate.swift */,
				CDFF1DA62A6ACD030064BDCE /* ViewController.swift */,
				CDFF1DA82A6ACD030064BDCE /* Main.storyboard */,
				CDFF1DAB2A6ACD060064BDCE /* Assets.xcassets */,
				CDFF1DAD2A6ACD060064BDCE /* LaunchScreen.storyboard */,
				CDFF1DB02A6ACD060064BDCE /* Info.plist */,
				CDFF1DB42A6AD6510064BDCE /* example.txt */,
				CDFF1DB62A6EA4B30064BDCE /* PropiedadComputada.playground */,
			);
			path = CompartirContenido;
			sourceTree = "<group>";
		};
		CDFF1DF22A6EC72F0064BDCE /* TipCalculator */ = {
			isa = PBXGroup;
			children = (
				CDFF1DF32A6EC72F0064BDCE /* TipCalculatorApp.swift */,
				CDFF1DF52A6EC72F0064BDCE /* ContentView.swift */,
				CDFF1DFF2A6ECAE10064BDCE /* TipCalculatorModel.swift */,
				CDFF1DF72A6EC7310064BDCE /* Assets.xcassets */,
				CDFF1DF92A6EC7310064BDCE /* Preview Content */,
			);
			path = TipCalculator;
			sourceTree = "<group>";
		};
		CDFF1DF92A6EC7310064BDCE /* Preview Content */ = {
			isa = PBXGroup;
			children = (
				CDFF1DFA2A6EC7310064BDCE /* Preview Assets.xcassets */,
			);
			path = "Preview Content";
			sourceTree = "<group>";
		};
/* End PBXGroup section */

/* Begin PBXNativeTarget section */
		CDFF1D2C2A680E540064BDCE /* CursoIntCol3 */ = {
			isa = PBXNativeTarget;
			buildConfigurationList = CDFF1D412A680E550064BDCE /* Build configuration list for PBXNativeTarget "CursoIntCol3" */;
			buildPhases = (
				CDFF1D292A680E540064BDCE /* Sources */,
				CDFF1D2A2A680E540064BDCE /* Frameworks */,
				CDFF1D2B2A680E540064BDCE /* Resources */,
			);
			buildRules = (
			);
			dependencies = (
			);
			name = CursoIntCol3;
			productName = CursoIntCol3;
			productReference = CDFF1D2D2A680E540064BDCE /* CursoIntCol3.app */;
			productType = "com.apple.product-type.application";
		};
		CDFF1D9F2A6ACD030064BDCE /* CompartirContenido */ = {
			isa = PBXNativeTarget;
			buildConfigurationList = CDFF1DB12A6ACD060064BDCE /* Build configuration list for PBXNativeTarget "CompartirContenido" */;
			buildPhases = (
				CDFF1D9C2A6ACD030064BDCE /* Sources */,
				CDFF1D9D2A6ACD030064BDCE /* Frameworks */,
				CDFF1D9E2A6ACD030064BDCE /* Resources */,
			);
			buildRules = (
			);
			dependencies = (
			);
			name = CompartirContenido;
			productName = CompartirContenido;
			productReference = CDFF1DA02A6ACD030064BDCE /* CompartirContenido.app */;
			productType = "com.apple.product-type.application";
		};
		CDFF1DF02A6EC72F0064BDCE /* TipCalculator */ = {
			isa = PBXNativeTarget;
			buildConfigurationList = CDFF1DFC2A6EC7310064BDCE /* Build configuration list for PBXNativeTarget "TipCalculator" */;
			buildPhases = (
				CDFF1DED2A6EC72F0064BDCE /* Sources */,
				CDFF1DEE2A6EC72F0064BDCE /* Frameworks */,
				CDFF1DEF2A6EC72F0064BDCE /* Resources */,
			);
			buildRules = (
			);
			dependencies = (
			);
			name = TipCalculator;
			productName = TipCalculator;
			productReference = CDFF1DF12A6EC72F0064BDCE /* TipCalculator.app */;
			productType = "com.apple.product-type.application";
		};
/* End PBXNativeTarget section */

/* Begin PBXProject section */
		CDFF1D252A680E540064BDCE /* Project object */ = {
			isa = PBXProject;
			attributes = {
				BuildIndependentTargetsInParallel = 1;
				LastSwiftUpdateCheck = 1430;
				LastUpgradeCheck = 1430;
				TargetAttributes = {
					CDFF1D2C2A680E540064BDCE = {
						CreatedOnToolsVersion = 14.3.1;
					};
					CDFF1D9F2A6ACD030064BDCE = {
						CreatedOnToolsVersion = 14.3.1;
					};
					CDFF1DF02A6EC72F0064BDCE = {
						CreatedOnToolsVersion = 14.3.1;
					};
				};
			};
			buildConfigurationList = CDFF1D282A680E540064BDCE /* Build configuration list for PBXProject "CursoIntCol3" */;
			compatibilityVersion = "Xcode 14.0";
			developmentRegion = en;
			hasScannedForEncodings = 0;
			knownRegions = (
				en,
				Base,
			);
			mainGroup = CDFF1D242A680E540064BDCE;
			productRefGroup = CDFF1D2E2A680E540064BDCE /* Products */;
			projectDirPath = "";
			projectRoot = "";
			targets = (
				CDFF1D2C2A680E540064BDCE /* CursoIntCol3 */,
				CDFF1D9F2A6ACD030064BDCE /* CompartirContenido */,
				CDFF1DF02A6EC72F0064BDCE /* TipCalculator */,
			);
		};
/* End PBXProject section */

/* Begin PBXResourcesBuildPhase section */
		CDFF1D2B2A680E540064BDCE /* Resources */ = {
			isa = PBXResourcesBuildPhase;
			buildActionMask = 2147483647;
			files = (
				CDFF1D932A6AAC830064BDCE /* ShareBtn.xib in Resources */,
				CDFF1D3D2A680E550064BDCE /* LaunchScreen.storyboard in Resources */,
				CDFF1D3A2A680E550064BDCE /* Assets.xcassets in Resources */,
				CDFF1D382A680E540064BDCE /* Main.storyboard in Resources */,
			);
			runOnlyForDeploymentPostprocessing = 0;
		};
		CDFF1D9E2A6ACD030064BDCE /* Resources */ = {
			isa = PBXResourcesBuildPhase;
			buildActionMask = 2147483647;
			files = (
				CDFF1DAF2A6ACD060064BDCE /* LaunchScreen.storyboard in Resources */,
				CDFF1DB52A6AD6510064BDCE /* example.txt in Resources */,
				CDFF1DAC2A6ACD060064BDCE /* Assets.xcassets in Resources */,
				CDFF1DAA2A6ACD030064BDCE /* Main.storyboard in Resources */,
			);
			runOnlyForDeploymentPostprocessing = 0;
		};
		CDFF1DEF2A6EC72F0064BDCE /* Resources */ = {
			isa = PBXResourcesBuildPhase;
			buildActionMask = 2147483647;
			files = (
				CDFF1DFB2A6EC7310064BDCE /* Preview Assets.xcassets in Resources */,
				CDFF1DF82A6EC7310064BDCE /* Assets.xcassets in Resources */,
			);
			runOnlyForDeploymentPostprocessing = 0;
		};
/* End PBXResourcesBuildPhase section */

/* Begin PBXSourcesBuildPhase section */
		CDFF1D292A680E540064BDCE /* Sources */ = {
			isa = PBXSourcesBuildPhase;
			buildActionMask = 2147483647;
			files = (
				CDFF1D952A6AAEB50064BDCE /* ShareBtn.swift in Sources */,
				CDFF1D492A6835CF0064BDCE /* VCForgotPass.swift in Sources */,
				CDFF1D352A680E540064BDCE /* ViewController.swift in Sources */,
				CDFF1D312A680E540064BDCE /* AppDelegate.swift in Sources */,
				CDFF1D472A6831B30064BDCE /* MyDataStruct.swift in Sources */,
				CDFF1D4B2A683B020064BDCE /* VCRegistro.swift in Sources */,
				CDFF1D452A682A190064BDCE /* VCLogin.swift in Sources */,
				CDFF1D972A6AB3CD0064BDCE /* Accesos.swift in Sources */,
				CDFF1D332A680E540064BDCE /* SceneDelegate.swift in Sources */,
			);
			runOnlyForDeploymentPostprocessing = 0;
		};
		CDFF1D9C2A6ACD030064BDCE /* Sources */ = {
			isa = PBXSourcesBuildPhase;
			buildActionMask = 2147483647;
			files = (
				CDFF1DA72A6ACD030064BDCE /* ViewController.swift in Sources */,
				CDFF1DA32A6ACD030064BDCE /* AppDelegate.swift in Sources */,
				CDFF1DA52A6ACD030064BDCE /* SceneDelegate.swift in Sources */,
			);
			runOnlyForDeploymentPostprocessing = 0;
		};
		CDFF1DED2A6EC72F0064BDCE /* Sources */ = {
			isa = PBXSourcesBuildPhase;
			buildActionMask = 2147483647;
			files = (
				CDFF1E002A6ECAE10064BDCE /* TipCalculatorModel.swift in Sources */,
				CDFF1DF62A6EC72F0064BDCE /* ContentView.swift in Sources */,
				CDFF1DF42A6EC72F0064BDCE /* TipCalculatorApp.swift in Sources */,
			);
			runOnlyForDeploymentPostprocessing = 0;
		};
/* End PBXSourcesBuildPhase section */

/* Begin PBXVariantGroup section */
		CDFF1D362A680E540064BDCE /* Main.storyboard */ = {
			isa = PBXVariantGroup;
			children = (
				CDFF1D372A680E540064BDCE /* Base */,
			);
			name = Main.storyboard;
			sourceTree = "<group>";
		};
		CDFF1D3B2A680E550064BDCE /* LaunchScreen.storyboard */ = {
			isa = PBXVariantGroup;
			children = (
				CDFF1D3C2A680E550064BDCE /* Base */,
			);
			name = LaunchScreen.storyboard;
			sourceTree = "<group>";
		};
		CDFF1DA82A6ACD030064BDCE /* Main.storyboard */ = {
			isa = PBXVariantGroup;
			children = (
				CDFF1DA92A6ACD030064BDCE /* Base */,
			);
			name = Main.storyboard;
			sourceTree = "<group>";
		};
		CDFF1DAD2A6ACD060064BDCE /* LaunchScreen.storyboard */ = {
			isa = PBXVariantGroup;
			children = (
				CDFF1DAE2A6ACD060064BDCE /* Base */,
			);
			name = LaunchScreen.storyboard;
			sourceTree = "<group>";
		};
/* End PBXVariantGroup section */

/* Begin XCBuildConfiguration section */
		CDFF1D3F2A680E550064BDCE /* Debug */ = {
			isa = XCBuildConfiguration;
			buildSettings = {
				ALWAYS_SEARCH_USER_PATHS = NO;
				CLANG_ANALYZER_NONNULL = YES;
				CLANG_ANALYZER_NUMBER_OBJECT_CONVERSION = YES_AGGRESSIVE;
				CLANG_CXX_LANGUAGE_STANDARD = "gnu++20";
				CLANG_ENABLE_MODULES = YES;
				CLANG_ENABLE_OBJC_ARC = YES;
				CLANG_ENABLE_OBJC_WEAK = YES;
				CLANG_WARN_BLOCK_CAPTURE_AUTORELEASING = YES;
				CLANG_WARN_BOOL_CONVERSION = YES;
				CLANG_WARN_COMMA = YES;
				CLANG_WARN_CONSTANT_CONVERSION = YES;
				CLANG_WARN_DEPRECATED_OBJC_IMPLEMENTATIONS = YES;
				CLANG_WARN_DIRECT_OBJC_ISA_USAGE = YES_ERROR;
				CLANG_WARN_DOCUMENTATION_COMMENTS = YES;
				CLANG_WARN_EMPTY_BODY = YES;
				CLANG_WARN_ENUM_CONVERSION = YES;
				CLANG_WARN_INFINITE_RECURSION = YES;
				CLANG_WARN_INT_CONVERSION = YES;
				CLANG_WARN_NON_LITERAL_NULL_CONVERSION = YES;
				CLANG_WARN_OBJC_IMPLICIT_RETAIN_SELF = YES;
				CLANG_WARN_OBJC_LITERAL_CONVERSION = YES;
				CLANG_WARN_OBJC_ROOT_CLASS = YES_ERROR;
				CLANG_WARN_QUOTED_INCLUDE_IN_FRAMEWORK_HEADER = YES;
				CLANG_WARN_RANGE_LOOP_ANALYSIS = YES;
				CLANG_WARN_STRICT_PROTOTYPES = YES;
				CLANG_WARN_SUSPICIOUS_MOVE = YES;
				CLANG_WARN_UNGUARDED_AVAILABILITY = YES_AGGRESSIVE;
				CLANG_WARN_UNREACHABLE_CODE = YES;
				CLANG_WARN__DUPLICATE_METHOD_MATCH = YES;
				COPY_PHASE_STRIP = NO;
				DEBUG_INFORMATION_FORMAT = dwarf;
				ENABLE_STRICT_OBJC_MSGSEND = YES;
				ENABLE_TESTABILITY = YES;
				GCC_C_LANGUAGE_STANDARD = gnu11;
				GCC_DYNAMIC_NO_PIC = NO;
				GCC_NO_COMMON_BLOCKS = YES;
				GCC_OPTIMIZATION_LEVEL = 0;
				GCC_PREPROCESSOR_DEFINITIONS = (
					"DEBUG=1",
					"$(inherited)",
				);
				GCC_WARN_64_TO_32_BIT_CONVERSION = YES;
				GCC_WARN_ABOUT_RETURN_TYPE = YES_ERROR;
				GCC_WARN_UNDECLARED_SELECTOR = YES;
				GCC_WARN_UNINITIALIZED_AUTOS = YES_AGGRESSIVE;
				GCC_WARN_UNUSED_FUNCTION = YES;
				GCC_WARN_UNUSED_VARIABLE = YES;
				IPHONEOS_DEPLOYMENT_TARGET = 16.4;
				MTL_ENABLE_DEBUG_INFO = INCLUDE_SOURCE;
				MTL_FAST_MATH = YES;
				ONLY_ACTIVE_ARCH = YES;
				SDKROOT = iphoneos;
				SWIFT_ACTIVE_COMPILATION_CONDITIONS = DEBUG;
				SWIFT_OPTIMIZATION_LEVEL = "-Onone";
			};
			name = Debug;
		};
		CDFF1D402A680E550064BDCE /* Release */ = {
			isa = XCBuildConfiguration;
			buildSettings = {
				ALWAYS_SEARCH_USER_PATHS = NO;
				CLANG_ANALYZER_NONNULL = YES;
				CLANG_ANALYZER_NUMBER_OBJECT_CONVERSION = YES_AGGRESSIVE;
				CLANG_CXX_LANGUAGE_STANDARD = "gnu++20";
				CLANG_ENABLE_MODULES = YES;
				CLANG_ENABLE_OBJC_ARC = YES;
				CLANG_ENABLE_OBJC_WEAK = YES;
				CLANG_WARN_BLOCK_CAPTURE_AUTORELEASING = YES;
				CLANG_WARN_BOOL_CONVERSION = YES;
				CLANG_WARN_COMMA = YES;
				CLANG_WARN_CONSTANT_CONVERSION = YES;
				CLANG_WARN_DEPRECATED_OBJC_IMPLEMENTATIONS = YES;
				CLANG_WARN_DIRECT_OBJC_ISA_USAGE = YES_ERROR;
				CLANG_WARN_DOCUMENTATION_COMMENTS = YES;
				CLANG_WARN_EMPTY_BODY = YES;
				CLANG_WARN_ENUM_CONVERSION = YES;
				CLANG_WARN_INFINITE_RECURSION = YES;
				CLANG_WARN_INT_CONVERSION = YES;
				CLANG_WARN_NON_LITERAL_NULL_CONVERSION = YES;
				CLANG_WARN_OBJC_IMPLICIT_RETAIN_SELF = YES;
				CLANG_WARN_OBJC_LITERAL_CONVERSION = YES;
				CLANG_WARN_OBJC_ROOT_CLASS = YES_ERROR;
				CLANG_WARN_QUOTED_INCLUDE_IN_FRAMEWORK_HEADER = YES;
				CLANG_WARN_RANGE_LOOP_ANALYSIS = YES;
				CLANG_WARN_STRICT_PROTOTYPES = YES;
				CLANG_WARN_SUSPICIOUS_MOVE = YES;
				CLANG_WARN_UNGUARDED_AVAILABILITY = YES_AGGRESSIVE;
				CLANG_WARN_UNREACHABLE_CODE = YES;
				CLANG_WARN__DUPLICATE_METHOD_MATCH = YES;
				COPY_PHASE_STRIP = NO;
				DEBUG_INFORMATION_FORMAT = "dwarf-with-dsym";
				ENABLE_NS_ASSERTIONS = NO;
				ENABLE_STRICT_OBJC_MSGSEND = YES;
				GCC_C_LANGUAGE_STANDARD = gnu11;
				GCC_NO_COMMON_BLOCKS = YES;
				GCC_WARN_64_TO_32_BIT_CONVERSION = YES;
				GCC_WARN_ABOUT_RETURN_TYPE = YES_ERROR;
				GCC_WARN_UNDECLARED_SELECTOR = YES;
				GCC_WARN_UNINITIALIZED_AUTOS = YES_AGGRESSIVE;
				GCC_WARN_UNUSED_FUNCTION = YES;
				GCC_WARN_UNUSED_VARIABLE = YES;
				IPHONEOS_DEPLOYMENT_TARGET = 16.4;
				MTL_ENABLE_DEBUG_INFO = NO;
				MTL_FAST_MATH = YES;
				SDKROOT = iphoneos;
				SWIFT_COMPILATION_MODE = wholemodule;
				SWIFT_OPTIMIZATION_LEVEL = "-O";
				VALIDATE_PRODUCT = YES;
			};
			name = Release;
		};
		CDFF1D422A680E550064BDCE /* Debug */ = {
			isa = XCBuildConfiguration;
			buildSettings = {
				ASSETCATALOG_COMPILER_APPICON_NAME = AppIcon;
				ASSETCATALOG_COMPILER_GLOBAL_ACCENT_COLOR_NAME = AccentColor;
				CODE_SIGN_STYLE = Automatic;
				CURRENT_PROJECT_VERSION = 1;
				DEVELOPMENT_TEAM = FNTB26538C;
				GENERATE_INFOPLIST_FILE = YES;
				INFOPLIST_FILE = CursoIntCol3/Info.plist;
				INFOPLIST_KEY_UIApplicationSupportsIndirectInputEvents = YES;
				INFOPLIST_KEY_UILaunchStoryboardName = LaunchScreen;
				INFOPLIST_KEY_UIMainStoryboardFile = Main;
				INFOPLIST_KEY_UISupportedInterfaceOrientations_iPad = "UIInterfaceOrientationPortrait UIInterfaceOrientationPortraitUpsideDown UIInterfaceOrientationLandscapeLeft UIInterfaceOrientationLandscapeRight";
				INFOPLIST_KEY_UISupportedInterfaceOrientations_iPhone = "UIInterfaceOrientationPortrait UIInterfaceOrientationLandscapeLeft UIInterfaceOrientationLandscapeRight";
				LD_RUNPATH_SEARCH_PATHS = (
					"$(inherited)",
					"@executable_path/Frameworks",
				);
				MARKETING_VERSION = 1.0;
				PRODUCT_BUNDLE_IDENTIFIER = com.jslopez.CursoIntCol3;
				PRODUCT_NAME = "$(TARGET_NAME)";
				SWIFT_EMIT_LOC_STRINGS = YES;
				SWIFT_VERSION = 5.0;
				TARGETED_DEVICE_FAMILY = "1,2";
			};
			name = Debug;
		};
		CDFF1D432A680E550064BDCE /* Release */ = {
			isa = XCBuildConfiguration;
			buildSettings = {
				ASSETCATALOG_COMPILER_APPICON_NAME = AppIcon;
				ASSETCATALOG_COMPILER_GLOBAL_ACCENT_COLOR_NAME = AccentColor;
				CODE_SIGN_STYLE = Automatic;
				CURRENT_PROJECT_VERSION = 1;
				DEVELOPMENT_TEAM = FNTB26538C;
				GENERATE_INFOPLIST_FILE = YES;
				INFOPLIST_FILE = CursoIntCol3/Info.plist;
				INFOPLIST_KEY_UIApplicationSupportsIndirectInputEvents = YES;
				INFOPLIST_KEY_UILaunchStoryboardName = LaunchScreen;
				INFOPLIST_KEY_UIMainStoryboardFile = Main;
				INFOPLIST_KEY_UISupportedInterfaceOrientations_iPad = "UIInterfaceOrientationPortrait UIInterfaceOrientationPortraitUpsideDown UIInterfaceOrientationLandscapeLeft UIInterfaceOrientationLandscapeRight";
				INFOPLIST_KEY_UISupportedInterfaceOrientations_iPhone = "UIInterfaceOrientationPortrait UIInterfaceOrientationLandscapeLeft UIInterfaceOrientationLandscapeRight";
				LD_RUNPATH_SEARCH_PATHS = (
					"$(inherited)",
					"@executable_path/Frameworks",
				);
				MARKETING_VERSION = 1.0;
				PRODUCT_BUNDLE_IDENTIFIER = com.jslopez.CursoIntCol3;
				PRODUCT_NAME = "$(TARGET_NAME)";
				SWIFT_EMIT_LOC_STRINGS = YES;
				SWIFT_VERSION = 5.0;
				TARGETED_DEVICE_FAMILY = "1,2";
			};
			name = Release;
		};
		CDFF1DB22A6ACD060064BDCE /* Debug */ = {
			isa = XCBuildConfiguration;
			buildSettings = {
				ASSETCATALOG_COMPILER_APPICON_NAME = AppIcon;
				ASSETCATALOG_COMPILER_GLOBAL_ACCENT_COLOR_NAME = AccentColor;
				CODE_SIGN_STYLE = Automatic;
				CURRENT_PROJECT_VERSION = 1;
				DEVELOPMENT_TEAM = FNTB26538C;
				GENERATE_INFOPLIST_FILE = YES;
				INFOPLIST_FILE = CompartirContenido/Info.plist;
				INFOPLIST_KEY_UIApplicationSupportsIndirectInputEvents = YES;
				INFOPLIST_KEY_UILaunchStoryboardName = LaunchScreen;
				INFOPLIST_KEY_UIMainStoryboardFile = Main;
				INFOPLIST_KEY_UISupportedInterfaceOrientations_iPad = "UIInterfaceOrientationPortrait UIInterfaceOrientationPortraitUpsideDown UIInterfaceOrientationLandscapeLeft UIInterfaceOrientationLandscapeRight";
				INFOPLIST_KEY_UISupportedInterfaceOrientations_iPhone = "UIInterfaceOrientationPortrait UIInterfaceOrientationLandscapeLeft UIInterfaceOrientationLandscapeRight";
				LD_RUNPATH_SEARCH_PATHS = (
					"$(inherited)",
					"@executable_path/Frameworks",
				);
				MARKETING_VERSION = 1.0;
				PRODUCT_BUNDLE_IDENTIFIER = com.jslopez.CompartirContenido;
				PRODUCT_NAME = "$(TARGET_NAME)";
				SUPPORTED_PLATFORMS = "iphoneos iphonesimulator";
				SUPPORTS_MACCATALYST = NO;
				SUPPORTS_MAC_DESIGNED_FOR_IPHONE_IPAD = NO;
				SWIFT_EMIT_LOC_STRINGS = YES;
				SWIFT_VERSION = 5.0;
				TARGETED_DEVICE_FAMILY = 1;
			};
			name = Debug;
		};
		CDFF1DB32A6ACD060064BDCE /* Release */ = {
			isa = XCBuildConfiguration;
			buildSettings = {
				ASSETCATALOG_COMPILER_APPICON_NAME = AppIcon;
				ASSETCATALOG_COMPILER_GLOBAL_ACCENT_COLOR_NAME = AccentColor;
				CODE_SIGN_STYLE = Automatic;
				CURRENT_PROJECT_VERSION = 1;
				DEVELOPMENT_TEAM = FNTB26538C;
				GENERATE_INFOPLIST_FILE = YES;
				INFOPLIST_FILE = CompartirContenido/Info.plist;
				INFOPLIST_KEY_UIApplicationSupportsIndirectInputEvents = YES;
				INFOPLIST_KEY_UILaunchStoryboardName = LaunchScreen;
				INFOPLIST_KEY_UIMainStoryboardFile = Main;
				INFOPLIST_KEY_UISupportedInterfaceOrientations_iPad = "UIInterfaceOrientationPortrait UIInterfaceOrientationPortraitUpsideDown UIInterfaceOrientationLandscapeLeft UIInterfaceOrientationLandscapeRight";
				INFOPLIST_KEY_UISupportedInterfaceOrientations_iPhone = "UIInterfaceOrientationPortrait UIInterfaceOrientationLandscapeLeft UIInterfaceOrientationLandscapeRight";
				LD_RUNPATH_SEARCH_PATHS = (
					"$(inherited)",
					"@executable_path/Frameworks",
				);
				MARKETING_VERSION = 1.0;
				PRODUCT_BUNDLE_IDENTIFIER = com.jslopez.CompartirContenido;
				PRODUCT_NAME = "$(TARGET_NAME)";
				SUPPORTED_PLATFORMS = "iphoneos iphonesimulator";
				SUPPORTS_MACCATALYST = NO;
				SUPPORTS_MAC_DESIGNED_FOR_IPHONE_IPAD = NO;
				SWIFT_EMIT_LOC_STRINGS = YES;
				SWIFT_VERSION = 5.0;
				TARGETED_DEVICE_FAMILY = 1;
			};
			name = Release;
		};
		CDFF1DFD2A6EC7310064BDCE /* Debug */ = {
			isa = XCBuildConfiguration;
			buildSettings = {
				ASSETCATALOG_COMPILER_APPICON_NAME = AppIcon;
				ASSETCATALOG_COMPILER_GLOBAL_ACCENT_COLOR_NAME = AccentColor;
				CODE_SIGN_STYLE = Automatic;
				CURRENT_PROJECT_VERSION = 1;
				DEVELOPMENT_ASSET_PATHS = "\"TipCalculator/Preview Content\"";
				DEVELOPMENT_TEAM = FNTB26538C;
				ENABLE_PREVIEWS = YES;
				GENERATE_INFOPLIST_FILE = YES;
				INFOPLIST_KEY_UIApplicationSceneManifest_Generation = YES;
				INFOPLIST_KEY_UIApplicationSupportsIndirectInputEvents = YES;
				INFOPLIST_KEY_UILaunchScreen_Generation = YES;
				INFOPLIST_KEY_UISupportedInterfaceOrientations_iPad = "UIInterfaceOrientationPortrait UIInterfaceOrientationPortraitUpsideDown UIInterfaceOrientationLandscapeLeft UIInterfaceOrientationLandscapeRight";
				INFOPLIST_KEY_UISupportedInterfaceOrientations_iPhone = "UIInterfaceOrientationPortrait UIInterfaceOrientationLandscapeLeft UIInterfaceOrientationLandscapeRight";
				LD_RUNPATH_SEARCH_PATHS = (
					"$(inherited)",
					"@executable_path/Frameworks",
				);
				MARKETING_VERSION = 1.0;
				PRODUCT_BUNDLE_IDENTIFIER = com.jslopez.TipCalculator;
				PRODUCT_NAME = "$(TARGET_NAME)";
				SWIFT_EMIT_LOC_STRINGS = YES;
				SWIFT_VERSION = 5.0;
				TARGETED_DEVICE_FAMILY = "1,2";
			};
			name = Debug;
		};
		CDFF1DFE2A6EC7310064BDCE /* Release */ = {
			isa = XCBuildConfiguration;
			buildSettings = {
				ASSETCATALOG_COMPILER_APPICON_NAME = AppIcon;
				ASSETCATALOG_COMPILER_GLOBAL_ACCENT_COLOR_NAME = AccentColor;
				CODE_SIGN_STYLE = Automatic;
				CURRENT_PROJECT_VERSION = 1;
				DEVELOPMENT_ASSET_PATHS = "\"TipCalculator/Preview Content\"";
				DEVELOPMENT_TEAM = FNTB26538C;
				ENABLE_PREVIEWS = YES;
				GENERATE_INFOPLIST_FILE = YES;
				INFOPLIST_KEY_UIApplicationSceneManifest_Generation = YES;
				INFOPLIST_KEY_UIApplicationSupportsIndirectInputEvents = YES;
				INFOPLIST_KEY_UILaunchScreen_Generation = YES;
				INFOPLIST_KEY_UISupportedInterfaceOrientations_iPad = "UIInterfaceOrientationPortrait UIInterfaceOrientationPortraitUpsideDown UIInterfaceOrientationLandscapeLeft UIInterfaceOrientationLandscapeRight";
				INFOPLIST_KEY_UISupportedInterfaceOrientations_iPhone = "UIInterfaceOrientationPortrait UIInterfaceOrientationLandscapeLeft UIInterfaceOrientationLandscapeRight";
				LD_RUNPATH_SEARCH_PATHS = (
					"$(inherited)",
					"@executable_path/Frameworks",
				);
				MARKETING_VERSION = 1.0;
				PRODUCT_BUNDLE_IDENTIFIER = com.jslopez.TipCalculator;
				PRODUCT_NAME = "$(TARGET_NAME)";
				SWIFT_EMIT_LOC_STRINGS = YES;
				SWIFT_VERSION = 5.0;
				TARGETED_DEVICE_FAMILY = "1,2";
			};
			name = Release;
		};
/* End XCBuildConfiguration section */

/* Begin XCConfigurationList section */
		CDFF1D282A680E540064BDCE /* Build configuration list for PBXProject "CursoIntCol3" */ = {
			isa = XCConfigurationList;
			buildConfigurations = (
				CDFF1D3F2A680E550064BDCE /* Debug */,
				CDFF1D402A680E550064BDCE /* Release */,
			);
			defaultConfigurationIsVisible = 0;
			defaultConfigurationName = Release;
		};
		CDFF1D412A680E550064BDCE /* Build configuration list for PBXNativeTarget "CursoIntCol3" */ = {
			isa = XCConfigurationList;
			buildConfigurations = (
				CDFF1D422A680E550064BDCE /* Debug */,
				CDFF1D432A680E550064BDCE /* Release */,
			);
			defaultConfigurationIsVisible = 0;
			defaultConfigurationName = Release;
		};
		CDFF1DB12A6ACD060064BDCE /* Build configuration list for PBXNativeTarget "CompartirContenido" */ = {
			isa = XCConfigurationList;
			buildConfigurations = (
				CDFF1DB22A6ACD060064BDCE /* Debug */,
				CDFF1DB32A6ACD060064BDCE /* Release */,
			);
			defaultConfigurationIsVisible = 0;
			defaultConfigurationName = Release;
		};
		CDFF1DFC2A6EC7310064BDCE /* Build configuration list for PBXNativeTarget "TipCalculator" */ = {
			isa = XCConfigurationList;
			buildConfigurations = (
				CDFF1DFD2A6EC7310064BDCE /* Debug */,
				CDFF1DFE2A6EC7310064BDCE /* Release */,
			);
			defaultConfigurationIsVisible = 0;
			defaultConfigurationName = Release;
		};
/* End XCConfigurationList section */
	};
	rootObject = CDFF1D252A680E540064BDCE /* Project object */;
}
